
Microsoft Visual Studio Solution File, Format Version 12.00
# Visual Studio Version 17
VisualStudioVersion = 17.1.32414.318
MinimumVisualStudioVersion = 10.0.40219.1
Project("{FAE04EC0-301F-11D3-BF4B-00C04F79EFBC}") = "BSSProformaInvioceRenewalApp", "BSSProformaInvioceRenewalApp\BSSProformaInvioceRenewalApp.csproj", "{755DFF11-6B64-4F92-9B21-D23F865A6A5B}"
EndProject
Global
	GlobalSection(SolutionConfigurationPlatforms) = preSolution
		Debug|Any CPU = Debug|Any CPU
		Release|Any CPU = Release|Any CPU
	EndGlobalSection
	GlobalSection(ProjectConfigurationPlatforms) = postSolution
		{755DFF11-6B64-4F92-9B21-D23F865A6A5B}.Debug|Any CPU.ActiveCfg = Debug|Any CPU
		{755DFF11-6B64-4F92-9B21-D23F865A6A5B}.Debug|Any CPU.Build.0 = Debug|Any CPU
		{755DFF11-6B64-4F92-9B21-D23F865A6A5B}.Release|Any CPU.ActiveCfg = Release|Any CPU
		{755DFF11-6B64-4F92-9B21-D23F865A6A5B}.Release|Any CPU.Build.0 = Release|Any CPU
	EndGlobalSection
	GlobalSection(SolutionProperties) = preSolution
		HideSolutionNode = FALSE
	EndGlobalSection
	GlobalSection(ExtensibilityGlobals) = postSolution
		SolutionGuid = {5A0C582A-A219-41F6-9AF6-C8EAE6B7607D}
	EndGlobalSection
EndGlobal
